
Microsoft Visual Studio Solution File, Format Version 12.00
# Visual Studio 14
VisualStudioVersion = 14.0.25420.1
MinimumVisualStudioVersion = 10.0.40219.1
Project("{FAE04EC0-301F-11D3-BF4B-00C04F79EFBC}") = "DynamicAndExcle", "DynamicAndExcle\DynamicAndExcle.csproj", "{BB6FB89F-ED38-4E1B-8E6D-AE64BFC63DCE}"
EndProject
Project("{FAE04EC0-301F-11D3-BF4B-00C04F79EFBC}") = "AppDomian", "AppDomian\AppDomian.csproj", "{6B6A6BB7-2B8C-4ABC-8711-CABC58B9DC1B}"
EndProject
Global
	GlobalSection(SolutionConfigurationPlatforms) = preSolution
		Debug|Any CPU = Debug|Any CPU
		Release|Any CPU = Release|Any CPU
	EndGlobalSection
	GlobalSection(ProjectConfigurationPlatforms) = postSolution
		{BB6FB89F-ED38-4E1B-8E6D-AE64BFC63DCE}.Debug|Any CPU.ActiveCfg = Debug|Any CPU
		{BB6FB89F-ED38-4E1B-8E6D-AE64BFC63DCE}.Debug|Any CPU.Build.0 = Debug|Any CPU
		{BB6FB89F-ED38-4E1B-8E6D-AE64BFC63DCE}.Release|Any CPU.ActiveCfg = Release|Any CPU
		{BB6FB89F-ED38-4E1B-8E6D-AE64BFC63DCE}.Release|Any CPU.Build.0 = Release|Any CPU
		{6B6A6BB7-2B8C-4ABC-8711-CABC58B9DC1B}.Debug|Any CPU.ActiveCfg = Debug|Any CPU
		{6B6A6BB7-2B8C-4ABC-8711-CABC58B9DC1B}.Debug|Any CPU.Build.0 = Debug|Any CPU
		{6B6A6BB7-2B8C-4ABC-8711-CABC58B9DC1B}.Release|Any CPU.ActiveCfg = Release|Any CPU
		{6B6A6BB7-2B8C-4ABC-8711-CABC58B9DC1B}.Release|Any CPU.Build.0 = Release|Any CPU
	EndGlobalSection
	GlobalSection(SolutionProperties) = preSolution
		HideSolutionNode = FALSE
	EndGlobalSection
EndGlobal
